PODS:
  - MicrosoftCognitiveServicesSpeech-iOS (1.9.0)

DEPENDENCIES:
  - MicrosoftCognitiveServicesSpeech-iOS (~> 1.9)

SPEC REPOS:
  https://github.com/cocoapods/specs.git:
    - MicrosoftCognitiveServicesSpeech-iOS

SPEC CHECKSUMS:
  MicrosoftCognitiveServicesSpeech-iOS: c5999afa0efc667e755fcb1bbfd5ab6135051429

PODFILE CHECKSUM: ca8b0786b9b09f96257792540766259a056dd7ed

COCOAPODS: 1.7.5
