// !$*UTF8*$!
{
	archiveVersion = 1;
	classes = {
	};
	objectVersion = 51;
	objects = {

/* Begin PBXBuildFile section */
		195A961F4476366353D5E6F8 /* Pods_speechservicedemo.framework in Frameworks */ = {isa = PBXBuildFile; fileRef = F260A140BE25C90EDD3B829F /* Pods_speechservicedemo.framework */; };
		331FDDD623FD032D00E23F89 /* AppDelegate.swift in Sources */ = {isa = PBXBuildFile; fileRef = 331FDDD523FD032D00E23F89 /* AppDelegate.swift */; };
		331FDDD823FD032D00E23F89 /* ViewController.swift in Sources */ = {isa = PBXBuildFile; fileRef = 331FDDD723FD032D00E23F89 /* ViewController.swift */; };
		331FDDDB23FD032D00E23F89 /* Main.storyboard in Resources */ = {isa = PBXBuildFile; fileRef = 331FDDD923FD032D00E23F89 /* Main.storyboard */; };
		331FDDDD23FD032D00E23F89 /* Assets.xcassets in Resources */ = {isa = PBXBuildFile; fileRef = 331FDDDC23FD032D00E23F89 /* Assets.xcassets */; };
		331FDDE023FD032D00E23F89 /* LaunchScreen.storyboard in Resources */ = {isa = PBXBuildFile; fileRef = 331FDDDE23FD032D00E23F89 /* LaunchScreen.storyboard */; };
		334E0CC923FD1B80001B8249 /* wreck-a-nice-beach.wav in Resources */ = {isa = PBXBuildFile; fileRef = 334E0CC723FD1B80001B8249 /* wreck-a-nice-beach.wav */; };
		334E0CCA23FD1B80001B8249 /* whatstheweatherlike.wav in Resources */ = {isa = PBXBuildFile; fileRef = 334E0CC823FD1B80001B8249 /* whatstheweatherlike.wav */; };
		334E0CCE23FD6663001B8249 /* ViewModel.swift in Sources */ = {isa = PBXBuildFile; fileRef = 334E0CCD23FD6663001B8249 /* ViewModel.swift */; };
/* End PBXBuildFile section */

/* Begin PBXFileReference section */
		331FDDD223FD032D00E23F89 /* speechservicedemo.app */ = {isa = PBXFileReference; explicitFileType = wrapper.application; includeInIndex = 0; path = speechservicedemo.app; sourceTree = BUILT_PRODUCTS_DIR; };
		331FDDD523FD032D00E23F89 /* AppDelegate.swift */ = {isa = PBXFileReference; lastKnownFileType = sourcecode.swift; path = AppDelegate.swift; sourceTree = "<group>"; };
		331FDDD723FD032D00E23F89 /* ViewController.swift */ = {isa = PBXFileReference; lastKnownFileType = sourcecode.swift; path = ViewController.swift; sourceTree = "<group>"; };
		331FDDDA23FD032D00E23F89 /* Base */ = {isa = PBXFileReference; lastKnownFileType = file.storyboard; name = Base; path = Base.lproj/Main.storyboard; sourceTree = "<group>"; };
		331FDDDC23FD032D00E23F89 /* Assets.xcassets */ = {isa = PBXFileReference; lastKnownFileType = folder.assetcatalog; path = Assets.xcassets; sourceTree = "<group>"; };
		331FDDDF23FD032D00E23F89 /* Base */ = {isa = PBXFileReference; lastKnownFileType = file.storyboard; name = Base; path = Base.lproj/LaunchScreen.storyboard; sourceTree = "<group>"; };
		331FDDE123FD032D00E23F89 /* Info.plist */ = {isa = PBXFileReference; lastKnownFileType = text.plist.xml; path = Info.plist; sourceTree = "<group>"; };
		334E0CC423FD118A001B8249 /* speechservicedemo-Bridging-Header.h */ = {isa = PBXFileReference; lastKnownFileType = sourcecode.c.h; path = "speechservicedemo-Bridging-Header.h"; sourceTree = "<group>"; };
		334E0CC723FD1B80001B8249 /* wreck-a-nice-beach.wav */ = {isa = PBXFileReference; lastKnownFileType = audio.wav; path = "wreck-a-nice-beach.wav"; sourceTree = "<group>"; };
		334E0CC823FD1B80001B8249 /* whatstheweatherlike.wav */ = {isa = PBXFileReference; lastKnownFileType = audio.wav; path = whatstheweatherlike.wav; sourceTree = "<group>"; };
		334E0CCD23FD6663001B8249 /* ViewModel.swift */ = {isa = PBXFileReference; lastKnownFileType = sourcecode.swift; path = ViewModel.swift; sourceTree = "<group>"; };
		3F298FFA8FADF7DECC00C954 /* Pods-speechservicedemo.release.xcconfig */ = {isa = PBXFileReference; includeInIndex = 1; lastKnownFileType = text.xcconfig; name = "Pods-speechservicedemo.release.xcconfig"; path = "Target Support Files/Pods-speechservicedemo/Pods-speechservicedemo.release.xcconfig"; sourceTree = "<group>"; };
		BAD647AA7E3FF98A6575F3EE /* Pods-speechservicedemo.debug.xcconfig */ = {isa = PBXFileReference; includeInIndex = 1; lastKnownFileType = text.xcconfig; name = "Pods-speechservicedemo.debug.xcconfig"; path = "Target Support Files/Pods-speechservicedemo/Pods-speechservicedemo.debug.xcconfig"; sourceTree = "<group>"; };
		E7FC32850143F50F75B46335 /* Pods-speachservicedemo.debug.xcconfig */ = {isa = PBXFileReference; includeInIndex = 1; lastKnownFileType = text.xcconfig; name = "Pods-speachservicedemo.debug.xcconfig"; path = "Target Support Files/Pods-speachservicedemo/Pods-speachservicedemo.debug.xcconfig"; sourceTree = "<group>"; };
		F260A140BE25C90EDD3B829F /* Pods_speechservicedemo.framework */ = {isa = PBXFileReference; explicitFileType = wrapper.framework; includeInIndex = 0; path = Pods_speechservicedemo.framework; sourceTree = BUILT_PRODUCTS_DIR; };
		FF2ED3F8E5C85100FDB3BC8F /* Pods-speachservicedemo.release.xcconfig */ = {isa = PBXFileReference; includeInIndex = 1; lastKnownFileType = text.xcconfig; name = "Pods-speachservicedemo.release.xcconfig"; path = "Target Support Files/Pods-speachservicedemo/Pods-speachservicedemo.release.xcconfig"; sourceTree = "<group>"; };
/* End PBXFileReference section */

/* Begin PBXFrameworksBuildPhase section */
		331FDDCF23FD032D00E23F89 /* Frameworks */ = {
			isa = PBXFrameworksBuildPhase;
			buildActionMask = 2147483647;
			files = (
				195A961F4476366353D5E6F8 /* Pods_speechservicedemo.framework in Frameworks */,
			);
			runOnlyForDeploymentPostprocessing = 0;
		};
/* End PBXFrameworksBuildPhase section */

/* Begin PBXGroup section */
		1276A079ED5CC20A65A9452C /* Frameworks */ = {
			isa = PBXGroup;
			children = (
				F260A140BE25C90EDD3B829F /* Pods_speechservicedemo.framework */,
			);
			name = Frameworks;
			sourceTree = "<group>";
		};
		331FDDC923FD032D00E23F89 = {
			isa = PBXGroup;
			children = (
				331FDDD423FD032D00E23F89 /* speechservicedemo */,
				331FDDD323FD032D00E23F89 /* Products */,
				E6330ABFBC0044AB9EEF2D98 /* Pods */,
				1276A079ED5CC20A65A9452C /* Frameworks */,
			);
			sourceTree = "<group>";
		};
		331FDDD323FD032D00E23F89 /* Products */ = {
			isa = PBXGroup;
			children = (
				331FDDD223FD032D00E23F89 /* speechservicedemo.app */,
			);
			name = Products;
			sourceTree = "<group>";
		};
		331FDDD423FD032D00E23F89 /* speechservicedemo */ = {
			isa = PBXGroup;
			children = (
				331FDDD523FD032D00E23F89 /* AppDelegate.swift */,
				331FDDD723FD032D00E23F89 /* ViewController.swift */,
				334E0CCD23FD6663001B8249 /* ViewModel.swift */,
				331FDDD923FD032D00E23F89 /* Main.storyboard */,
				331FDDDC23FD032D00E23F89 /* Assets.xcassets */,
				331FDDDE23FD032D00E23F89 /* LaunchScreen.storyboard */,
				331FDDE123FD032D00E23F89 /* Info.plist */,
				334E0CC423FD118A001B8249 /* speechservicedemo-Bridging-Header.h */,
				334E0CC823FD1B80001B8249 /* whatstheweatherlike.wav */,
				334E0CC723FD1B80001B8249 /* wreck-a-nice-beach.wav */,
			);
			path = speechservicedemo;
			sourceTree = "<group>";
		};
		E6330ABFBC0044AB9EEF2D98 /* Pods */ = {
			isa = PBXGroup;
			children = (
				E7FC32850143F50F75B46335 /* Pods-speachservicedemo.debug.xcconfig */,
				FF2ED3F8E5C85100FDB3BC8F /* Pods-speachservicedemo.release.xcconfig */,
				BAD647AA7E3FF98A6575F3EE /* Pods-speechservicedemo.debug.xcconfig */,
				3F298FFA8FADF7DECC00C954 /* Pods-speechservicedemo.release.xcconfig */,
			);
			path = Pods;
			sourceTree = "<group>";
		};
/* End PBXGroup section */

/* Begin PBXNativeTarget section */
		331FDDD123FD032D00E23F89 /* speechservicedemo */ = {
			isa = PBXNativeTarget;
			buildConfigurationList = 331FDDE423FD032D00E23F89 /* Build configuration list for PBXNativeTarget "speechservicedemo" */;
			buildPhases = (
				5E3C02DE84C6142F333FA68D /* [CP] Check Pods Manifest.lock */,
				331FDDCE23FD032D00E23F89 /* Sources */,
				331FDDCF23FD032D00E23F89 /* Frameworks */,
				331FDDD023FD032D00E23F89 /* Resources */,
				1330B0B62A8FA60BBB6B9518 /* [CP] Embed Pods Frameworks */,
			);
			buildRules = (
			);
			dependencies = (
			);
			name = speechservicedemo;
			productName = speachservicedemo;
			productReference = 331FDDD223FD032D00E23F89 /* speechservicedemo.app */;
			productType = "com.apple.product-type.application";
		};
/* End PBXNativeTarget section */

/* Begin PBXProject section */
		331FDDCA23FD032D00E23F89 /* Project object */ = {
			isa = PBXProject;
			attributes = {
				LastSwiftUpdateCheck = 1020;
				LastUpgradeCheck = 1020;
				ORGANIZATIONNAME = "Han Chen";
				TargetAttributes = {
					331FDDD123FD032D00E23F89 = {
						CreatedOnToolsVersion = 10.2;
						LastSwiftMigration = 1020;
						SystemCapabilities = {
							com.apple.BackgroundModes = {
								enabled = 1;
							};
						};
					};
				};
			};
			buildConfigurationList = 331FDDCD23FD032D00E23F89 /* Build configuration list for PBXProject "speechservicedemo" */;
			compatibilityVersion = "Xcode 9.3";
			developmentRegion = en;
			hasScannedForEncodings = 0;
			knownRegions = (
				en,
				Base,
			);
			mainGroup = 331FDDC923FD032D00E23F89;
			productRefGroup = 331FDDD323FD032D00E23F89 /* Products */;
			projectDirPath = "";
			projectRoot = "";
			targets = (
				331FDDD123FD032D00E23F89 /* speechservicedemo */,
			);
		};
/* End PBXProject section */

/* Begin PBXResourcesBuildPhase section */
		331FDDD023FD032D00E23F89 /* Resources */ = {
			isa = PBXResourcesBuildPhase;
			buildActionMask = 2147483647;
			files = (
				334E0CC923FD1B80001B8249 /* wreck-a-nice-beach.wav in Resources */,
				331FDDE023FD032D00E23F89 /* LaunchScreen.storyboard in Resources */,
				334E0CCA23FD1B80001B8249 /* whatstheweatherlike.wav in Resources */,
				331FDDDD23FD032D00E23F89 /* Assets.xcassets in Resources */,
				331FDDDB23FD032D00E23F89 /* Main.storyboard in Resources */,
			);
			runOnlyForDeploymentPostprocessing = 0;
		};
/* End PBXResourcesBuildPhase section */

/* Begin PBXShellScriptBuildPhase section */
		1330B0B62A8FA60BBB6B9518 /* [CP] Embed Pods Frameworks */ = {
			isa = PBXShellScriptBuildPhase;
			buildActionMask = 2147483647;
			files = (
			);
			inputFileListPaths = (
				"${PODS_ROOT}/Target Support Files/Pods-speechservicedemo/Pods-speechservicedemo-frameworks-${CONFIGURATION}-input-files.xcfilelist",
			);
			name = "[CP] Embed Pods Frameworks";
			outputFileListPaths = (
				"${PODS_ROOT}/Target Support Files/Pods-speechservicedemo/Pods-speechservicedemo-frameworks-${CONFIGURATION}-output-files.xcfilelist",
			);
			runOnlyForDeploymentPostprocessing = 0;
			shellPath = /bin/sh;
			shellScript = "\"${PODS_ROOT}/Target Support Files/Pods-speechservicedemo/Pods-speechservicedemo-frameworks.sh\"\n";
			showEnvVarsInLog = 0;
		};
		5E3C02DE84C6142F333FA68D /* [CP] Check Pods Manifest.lock */ = {
			isa = PBXShellScriptBuildPhase;
			buildActionMask = 2147483647;
			files = (
			);
			inputFileListPaths = (
			);
			inputPaths = (
				"${PODS_PODFILE_DIR_PATH}/Podfile.lock",
				"${PODS_ROOT}/Manifest.lock",
			);
			name = "[CP] Check Pods Manifest.lock";
			outputFileListPaths = (
			);
			outputPaths = (
				"$(DERIVED_FILE_DIR)/Pods-speechservicedemo-checkManifestLockResult.txt",
			);
			runOnlyForDeploymentPostprocessing = 0;
			shellPath = /bin/sh;
			shellScript = "diff \"${PODS_PODFILE_DIR_PATH}/Podfile.lock\" \"${PODS_ROOT}/Manifest.lock\" > /dev/null\nif [ $? != 0 ] ; then\n    # print error to STDERR\n    echo \"error: The sandbox is not in sync with the Podfile.lock. Run 'pod install' or update your CocoaPods installation.\" >&2\n    exit 1\nfi\n# This output is used by Xcode 'outputs' to avoid re-running this script phase.\necho \"SUCCESS\" > \"${SCRIPT_OUTPUT_FILE_0}\"\n";
			showEnvVarsInLog = 0;
		};
/* End PBXShellScriptBuildPhase section */

/* Begin PBXSourcesBuildPhase section */
		331FDDCE23FD032D00E23F89 /* Sources */ = {
			isa = PBXSourcesBuildPhase;
			buildActionMask = 2147483647;
			files = (
				331FDDD823FD032D00E23F89 /* ViewController.swift in Sources */,
				334E0CCE23FD6663001B8249 /* ViewModel.swift in Sources */,
				331FDDD623FD032D00E23F89 /* AppDelegate.swift in Sources */,
			);
			runOnlyForDeploymentPostprocessing = 0;
		};
/* End PBXSourcesBuildPhase section */

/* Begin PBXVariantGroup section */
		331FDDD923FD032D00E23F89 /* Main.storyboard */ = {
			isa = PBXVariantGroup;
			children = (
				331FDDDA23FD032D00E23F89 /* Base */,
			);
			name = Main.storyboard;
			sourceTree = "<group>";
		};
		331FDDDE23FD032D00E23F89 /* LaunchScreen.storyboard */ = {
			isa = PBXVariantGroup;
			children = (
				331FDDDF23FD032D00E23F89 /* Base */,
			);
			name = LaunchScreen.storyboard;
			sourceTree = "<group>";
		};
/* End PBXVariantGroup section */

/* Begin XCBuildConfiguration section */
		331FDDE223FD032D00E23F89 /* Debug */ = {
			isa = XCBuildConfiguration;
			buildSettings = {
				ALWAYS_SEARCH_USER_PATHS = NO;
				CLANG_ANALYZER_NONNULL = YES;
				CLANG_ANALYZER_NUMBER_OBJECT_CONVERSION = YES_AGGRESSIVE;
				CLANG_CXX_LANGUAGE_STANDARD = "gnu++14";
				CLANG_CXX_LIBRARY = "libc++";
				CLANG_ENABLE_MODULES = YES;
				CLANG_ENABLE_OBJC_ARC = YES;
				CLANG_ENABLE_OBJC_WEAK = YES;
				CLANG_WARN_BLOCK_CAPTURE_AUTORELEASING = YES;
				CLANG_WARN_BOOL_CONVERSION = YES;
				CLANG_WARN_COMMA = YES;
				CLANG_WARN_CONSTANT_CONVERSION = YES;
				CLANG_WARN_DEPRECATED_OBJC_IMPLEMENTATIONS = YES;
				CLANG_WARN_DIRECT_OBJC_ISA_USAGE = YES_ERROR;
				CLANG_WARN_DOCUMENTATION_COMMENTS = YES;
				CLANG_WARN_EMPTY_BODY = YES;
				CLANG_WARN_ENUM_CONVERSION = YES;
				CLANG_WARN_INFINITE_RECURSION = YES;
				CLANG_WARN_INT_CONVERSION = YES;
				CLANG_WARN_NON_LITERAL_NULL_CONVERSION = YES;
				CLANG_WARN_OBJC_IMPLICIT_RETAIN_SELF = YES;
				CLANG_WARN_OBJC_LITERAL_CONVERSION = YES;
				CLANG_WARN_OBJC_ROOT_CLASS = YES_ERROR;
				CLANG_WARN_RANGE_LOOP_ANALYSIS = YES;
				CLANG_WARN_STRICT_PROTOTYPES = YES;
				CLANG_WARN_SUSPICIOUS_MOVE = YES;
				CLANG_WARN_UNGUARDED_AVAILABILITY = YES_AGGRESSIVE;
				CLANG_WARN_UNREACHABLE_CODE = YES;
				CLANG_WARN__DUPLICATE_METHOD_MATCH = YES;
				CODE_SIGN_IDENTITY = "iPhone Developer";
				COPY_PHASE_STRIP = NO;
				DEBUG_INFORMATION_FORMAT = dwarf;
				ENABLE_STRICT_OBJC_MSGSEND = YES;
				ENABLE_TESTABILITY = YES;
				GCC_C_LANGUAGE_STANDARD = gnu11;
				GCC_DYNAMIC_NO_PIC = NO;
				GCC_NO_COMMON_BLOCKS = YES;
				GCC_OPTIMIZATION_LEVEL = 0;
				GCC_PREPROCESSOR_DEFINITIONS = (
					"DEBUG=1",
					"$(inherited)",
				);
				GCC_WARN_64_TO_32_BIT_CONVERSION = YES;
				GCC_WARN_ABOUT_RETURN_TYPE = YES_ERROR;
				GCC_WARN_UNDECLARED_SELECTOR = YES;
				GCC_WARN_UNINITIALIZED_AUTOS = YES_AGGRESSIVE;
				GCC_WARN_UNUSED_FUNCTION = YES;
				GCC_WARN_UNUSED_VARIABLE = YES;
				IPHONEOS_DEPLOYMENT_TARGET = 12.2;
				MTL_ENABLE_DEBUG_INFO = INCLUDE_SOURCE;
				MTL_FAST_MATH = YES;
				ONLY_ACTIVE_ARCH = YES;
				SDKROOT = iphoneos;
				SWIFT_ACTIVE_COMPILATION_CONDITIONS = DEBUG;
				SWIFT_OPTIMIZATION_LEVEL = "-Onone";
			};
			name = Debug;
		};
		331FDDE323FD032D00E23F89 /* Release */ = {
			isa = XCBuildConfiguration;
			buildSettings = {
				ALWAYS_SEARCH_USER_PATHS = NO;
				CLANG_ANALYZER_NONNULL = YES;
				CLANG_ANALYZER_NUMBER_OBJECT_CONVERSION = YES_AGGRESSIVE;
				CLANG_CXX_LANGUAGE_STANDARD = "gnu++14";
				CLANG_CXX_LIBRARY = "libc++";
				CLANG_ENABLE_MODULES = YES;
				CLANG_ENABLE_OBJC_ARC = YES;
				CLANG_ENABLE_OBJC_WEAK = YES;
				CLANG_WARN_BLOCK_CAPTURE_AUTORELEASING = YES;
				CLANG_WARN_BOOL_CONVERSION = YES;
				CLANG_WARN_COMMA = YES;
				CLANG_WARN_CONSTANT_CONVERSION = YES;
				CLANG_WARN_DEPRECATED_OBJC_IMPLEMENTATIONS = YES;
				CLANG_WARN_DIRECT_OBJC_ISA_USAGE = YES_ERROR;
				CLANG_WARN_DOCUMENTATION_COMMENTS = YES;
				CLANG_WARN_EMPTY_BODY = YES;
				CLANG_WARN_ENUM_CONVERSION = YES;
				CLANG_WARN_INFINITE_RECURSION = YES;
				CLANG_WARN_INT_CONVERSION = YES;
				CLANG_WARN_NON_LITERAL_NULL_CONVERSION = YES;
				CLANG_WARN_OBJC_IMPLICIT_RETAIN_SELF = YES;
				CLANG_WARN_OBJC_LITERAL_CONVERSION = YES;
				CLANG_WARN_OBJC_ROOT_CLASS = YES_ERROR;
				CLANG_WARN_RANGE_LOOP_ANALYSIS = YES;
				CLANG_WARN_STRICT_PROTOTYPES = YES;
				CLANG_WARN_SUSPICIOUS_MOVE = YES;
				CLANG_WARN_UNGUARDED_AVAILABILITY = YES_AGGRESSIVE;
				CLANG_WARN_UNREACHABLE_CODE = YES;
				CLANG_WARN__DUPLICATE_METHOD_MATCH = YES;
				CODE_SIGN_IDENTITY = "iPhone Developer";
				COPY_PHASE_STRIP = NO;
				DEBUG_INFORMATION_FORMAT = "dwarf-with-dsym";
				ENABLE_NS_ASSERTIONS = NO;
				ENABLE_STRICT_OBJC_MSGSEND = YES;
				GCC_C_LANGUAGE_STANDARD = gnu11;
				GCC_NO_COMMON_BLOCKS = YES;
				GCC_WARN_64_TO_32_BIT_CONVERSION = YES;
				GCC_WARN_ABOUT_RETURN_TYPE = YES_ERROR;
				GCC_WARN_UNDECLARED_SELECTOR = YES;
				GCC_WARN_UNINITIALIZED_AUTOS = YES_AGGRESSIVE;
				GCC_WARN_UNUSED_FUNCTION = YES;
				GCC_WARN_UNUSED_VARIABLE = YES;
				IPHONEOS_DEPLOYMENT_TARGET = 12.2;
				MTL_ENABLE_DEBUG_INFO = NO;
				MTL_FAST_MATH = YES;
				SDKROOT = iphoneos;
				SWIFT_COMPILATION_MODE = wholemodule;
				SWIFT_OPTIMIZATION_LEVEL = "-O";
				VALIDATE_PRODUCT = YES;
			};
			name = Release;
		};
		331FDDE523FD032D00E23F89 /* Debug */ = {
			isa = XCBuildConfiguration;
			baseConfigurationReference = BAD647AA7E3FF98A6575F3EE /* Pods-speechservicedemo.debug.xcconfig */;
			buildSettings = {
				ASSETCATALOG_COMPILER_APPICON_NAME = AppIcon;
				CLANG_ENABLE_MODULES = YES;
				CODE_SIGN_STYLE = Automatic;
				DEVELOPMENT_TEAM = QL662FZ3MK;
				INFOPLIST_FILE = speechservicedemo/Info.plist;
				IPHONEOS_DEPLOYMENT_TARGET = 10.2;
				LD_RUNPATH_SEARCH_PATHS = (
					"$(inherited)",
					"@executable_path/Frameworks",
				);
				PRODUCT_BUNDLE_IDENTIFIER = com.cshan.speechservicedemo;
				PRODUCT_NAME = "$(TARGET_NAME)";
				SWIFT_OBJC_BRIDGING_HEADER = "speechservicedemo/speechservicedemo-Bridging-Header.h";
				SWIFT_OPTIMIZATION_LEVEL = "-Onone";
				SWIFT_VERSION = 5.0;
				TARGETED_DEVICE_FAMILY = "1,2";
			};
			name = Debug;
		};
		331FDDE623FD032D00E23F89 /* Release */ = {
			isa = XCBuildConfiguration;
			baseConfigurationReference = 3F298FFA8FADF7DECC00C954 /* Pods-speechservicedemo.release.xcconfig */;
			buildSettings = {
				ASSETCATALOG_COMPILER_APPICON_NAME = AppIcon;
				CLANG_ENABLE_MODULES = YES;
				CODE_SIGN_STYLE = Automatic;
				DEVELOPMENT_TEAM = QL662FZ3MK;
				INFOPLIST_FILE = speechservicedemo/Info.plist;
				IPHONEOS_DEPLOYMENT_TARGET = 10.2;
				LD_RUNPATH_SEARCH_PATHS = (
					"$(inherited)",
					"@executable_path/Frameworks",
				);
				PRODUCT_BUNDLE_IDENTIFIER = com.cshan.speechservicedemo;
				PRODUCT_NAME = "$(TARGET_NAME)";
				SWIFT_OBJC_BRIDGING_HEADER = "speechservicedemo/speechservicedemo-Bridging-Header.h";
				SWIFT_VERSION = 5.0;
				TARGETED_DEVICE_FAMILY = "1,2";
			};
			name = Release;
		};
/* End XCBuildConfiguration section */

/* Begin XCConfigurationList section */
		331FDDCD23FD032D00E23F89 /* Build configuration list for PBXProject "speechservicedemo" */ = {
			isa = XCConfigurationList;
			buildConfigurations = (
				331FDDE223FD032D00E23F89 /* Debug */,
				331FDDE323FD032D00E23F89 /* Release */,
			);
			defaultConfigurationIsVisible = 0;
			defaultConfigurationName = Release;
		};
		331FDDE423FD032D00E23F89 /* Build configuration list for PBXNativeTarget "speechservicedemo" */ = {
			isa = XCConfigurationList;
			buildConfigurations = (
				331FDDE523FD032D00E23F89 /* Debug */,
				331FDDE623FD032D00E23F89 /* Release */,
			);
			defaultConfigurationIsVisible = 0;
			defaultConfigurationName = Release;
		};
/* End XCConfigurationList section */
	};
	rootObject = 331FDDCA23FD032D00E23F89 /* Project object */;
}
